github.com/google/uuid v1.3.0 h1:t6JiXgmwXMjEs8VusXIJk2BXHsn+wx8BZdTaoZ5fu7I=
github.com/google/uuid v1.3.0/go.mod h1:TIyPZe4MgqvfeYDBFedMoGGpEw/LqOeaOT+nhxU+yHo=
github.com/jimsnab/go-lane v1.4.0 h1:dwhlT1/8QSbYBXODI6Ye/V2j9UJb1Sv8ShrMx49Ax+c=
github.com/jimsnab/go-lane v1.4.0/go.mod h1:gQZM3DYgcOvGY9GM0XqNYAdKPKHn87gAsQcCGxsf8fA=
